
Microsoft Visual Studio Solution File, Format Version 12.00
# Visual Studio Version 17
VisualStudioVersion = 17.7.34221.43
MinimumVisualStudioVersion = 10.0.40219.1
Project("{FAE04EC0-301F-11D3-BF4B-00C04F79EFBC}") = "Base Building Game", "Base Building Game.csproj", "{5AA5A759-0B29-4454-A3C2-4189326D8232}"
EndProject
Global
	GlobalSection(SolutionConfigurationPlatforms) = preSolution
		Debug|Any CPU = Debug|Any CPU
		Release|Any CPU = Release|Any CPU
	EndGlobalSection
	GlobalSection(ProjectConfigurationPlatforms) = postSolution
		{5AA5A759-0B29-4454-A3C2-4189326D8232}.Debug|Any CPU.ActiveCfg = Debug|Any CPU
		{5AA5A759-0B29-4454-A3C2-4189326D8232}.Debug|Any CPU.Build.0 = Debug|Any CPU
		{5AA5A759-0B29-4454-A3C2-4189326D8232}.Release|Any CPU.ActiveCfg = Release|Any CPU
		{5AA5A759-0B29-4454-A3C2-4189326D8232}.Release|Any CPU.Build.0 = Release|Any CPU
	EndGlobalSection
	GlobalSection(SolutionProperties) = preSolution
		HideSolutionNode = FALSE
	EndGlobalSection
	GlobalSection(ExtensibilityGlobals) = postSolution
		SolutionGuid = {7C535C2E-5054-4336-B5EC-49C47496AD95}
	EndGlobalSection
EndGlobal
